{
  "lockfile-version": 1,
  "manifest": {
    "version": 1,
    "install": {
      "jdk21": {
        "pkg-path": "jdk21",
        "priority": 1
      },
      "tomcat-demo": {
        "pkg-path": "8BitTacoSupreme/tomcat-demo",
        "systems": [
          "aarch64-darwin"
        ]
      },
      "tomcat9": {
        "pkg-path": "tomcat9"
      }
    },
    "hook": {
      "on-activate": ""
    },
    "profile": {
      "common": "echo \"\"\necho \"  ┌──────────────────────────────────────────────────────┐\"\necho \"  │  Flox Tomcat Demo Environment                        │\"\necho \"  │                                                      │\"\necho \"  │  tomcat-demo start / stop / status                   │\"\necho \"  │  tomcat-demo-run --auto                              │\"\necho \"  │                                                      │\"\necho \"  │  Browse:  http://localhost:8080/sample/               │\"\necho \"  └──────────────────────────────────────────────────────┘\"\necho \"\"\n"
    },
    "options": {},
    "build": {
      "tomcat-demo": {
        "command": "make install PREFIX=$out",
        "sandbox": "pure",
        "version": "1.0.0",
        "description": "Tomcat demo webapp with runtime launcher"
      }
    }
  },
  "packages": [
    {
      "attr_path": "jdk21",
      "broken": false,
      "derivation": "/nix/store/apmkmfhvv4ydqk43gb416757v7ymbbvj-zulu-ca-jdk-21.0.8.drv",
      "description": "Certified builds of OpenJDK",
      "install_id": "jdk21",
      "license": "GPL-2.0-only",
      "locked_url": "https://github.com/flox/nixpkgs?rev=0182a361324364ae3f436a63005877674cf45efb",
      "name": "zulu-ca-jdk-21.0.8",
      "pname": "jdk21",
      "rev": "0182a361324364ae3f436a63005877674cf45efb",
      "rev_count": 948083,
      "rev_date": "2026-02-17T23:04:30Z",
      "scrape_date": "2026-02-19T04:40:08.042068Z",
      "stabilities": [
        "staging",
        "unstable"
      ],
      "unfree": false,
      "version": "21.0.8",
      "outputs_to_install": [
        "out"
      ],
      "outputs": {
        "out": "/nix/store/cnk79a166lrma21cdkh392b9q8irsh7r-zulu-ca-jdk-21.0.8"
      },
      "system": "aarch64-darwin",
      "group": "toplevel",
      "priority": 1
    },
    {
      "attr_path": "jdk21",
      "broken": false,
      "derivation": "/nix/store/ry0d7nhqqprbw3hcikgi4hwabgk0bbni-openjdk-21.0.9+10.drv",
      "description": "Open-source Java Development Kit",
      "install_id": "jdk21",
      "license": "GPL-2.0-only",
      "locked_url": "https://github.com/flox/nixpkgs?rev=0182a361324364ae3f436a63005877674cf45efb",
      "name": "openjdk-21.0.9+10",
      "pname": "jdk21",
      "rev": "0182a361324364ae3f436a63005877674cf45efb",
      "rev_count": 948083,
      "rev_date": "2026-02-17T23:04:30Z",
      "scrape_date": "2026-02-19T05:13:14.749189Z",
      "stabilities": [
        "staging",
        "unstable"
      ],
      "unfree": false,
      "version": "21.0.9+10",
      "outputs_to_install": [
        "out",
        "out"
      ],
      "outputs": {
        "debug": "/nix/store/96w6p1phqrxnq6sw4inisiks8fcbslwl-openjdk-21.0.9+10-debug",
        "out": "/nix/store/f9y0mx3w94ng6sdq231rkd3v0i2ihb8x-openjdk-21.0.9+10"
      },
      "system": "aarch64-linux",
      "group": "toplevel",
      "priority": 1
    },
    {
      "attr_path": "jdk21",
      "broken": false,
      "derivation": "/nix/store/cg853y7jw5v0dp7nwbv316wzjixarlrl-zulu-ca-jdk-21.0.8.drv",
      "description": "Certified builds of OpenJDK",
      "install_id": "jdk21",
      "license": "GPL-2.0-only",
      "locked_url": "https://github.com/flox/nixpkgs?rev=0182a361324364ae3f436a63005877674cf45efb",
      "name": "zulu-ca-jdk-21.0.8",
      "pname": "jdk21",
      "rev": "0182a361324364ae3f436a63005877674cf45efb",
      "rev_count": 948083,
      "rev_date": "2026-02-17T23:04:30Z",
      "scrape_date": "2026-02-19T05:45:53.443552Z",
      "stabilities": [
        "staging",
        "unstable"
      ],
      "unfree": false,
      "version": "21.0.8",
      "outputs_to_install": [
        "out"
      ],
      "outputs": {
        "out": "/nix/store/lc2gv2jh0pjy3xvrz4rcbssr1mas167y-zulu-ca-jdk-21.0.8"
      },
      "system": "x86_64-darwin",
      "group": "toplevel",
      "priority": 1
    },
    {
      "attr_path": "jdk21",
      "broken": false,
      "derivation": "/nix/store/ii3a9afh8k1j8nikv12269mvrr1i4j9b-openjdk-21.0.9+10.drv",
      "description": "Open-source Java Development Kit",
      "install_id": "jdk21",
      "license": "GPL-2.0-only",
      "locked_url": "https://github.com/flox/nixpkgs?rev=0182a361324364ae3f436a63005877674cf45efb",
      "name": "openjdk-21.0.9+10",
      "pname": "jdk21",
      "rev": "0182a361324364ae3f436a63005877674cf45efb",
      "rev_count": 948083,
      "rev_date": "2026-02-17T23:04:30Z",
      "scrape_date": "2026-02-19T06:23:44.879266Z",
      "stabilities": [
        "staging",
        "unstable"
      ],
      "unfree": false,
      "version": "21.0.9+10",
      "outputs_to_install": [
        "out",
        "out"
      ],
      "outputs": {
        "debug": "/nix/store/n262v22apasz3ng8gfhvccp43diynkn6-openjdk-21.0.9+10-debug",
        "out": "/nix/store/yb16bzvkdimkgczlw30pkhfxnzal26ks-openjdk-21.0.9+10"
      },
      "system": "x86_64-linux",
      "group": "toplevel",
      "priority": 1
    },
    {
      "attr_path": "tomcat-demo",
      "derivation": "/nix/store/cra6fcsgfwwxc1dvb73fswcc1sqfg13m-tomcat-demo-1.0.0.drv",
      "description": "Tomcat demo webapp with runtime launcher",
      "install_id": "tomcat-demo",
      "locked_url": "https://github.com/8BitTacoSupreme/tomcat-demo.git?rev=c6e028ee4e315f9afb8cd1fa2836f51c1335c014",
      "name": "tomcat-demo-1.0.0",
      "pname": "tomcat-demo",
      "rev": "c6e028ee4e315f9afb8cd1fa2836f51c1335c014",
      "rev_count": 5,
      "rev_date": "2026-02-22T00:08:37Z",
      "scrape_date": "2026-02-22T00:09:54.611735Z",
      "stabilities": [
        "staging",
        "unstable"
      ],
      "version": "1.0.0",
      "outputs_to_install": [
        "out"
      ],
      "outputs": {
        "log": "/nix/store/m9xcmy1g9wslvdpyyanxgwp4hx0js2ib-tomcat-demo-1.0.0-log",
        "out": "/nix/store/bzzxiv4ddg0x44im2v958565lfrkvwfc-tomcat-demo-1.0.0"
      },
      "system": "aarch64-darwin",
      "group": "toplevel",
      "priority": 5
    },
    {
      "attr_path": "tomcat9",
      "broken": false,
      "derivation": "/nix/store/ckp2hddscbn2rx2b6q447p86k4rwsgmi-apache-tomcat-9.0.115.drv",
      "description": "Implementation of the Java Servlet and JavaServer Pages technologies",
      "install_id": "tomcat9",
      "license": "Apache-2.0",
      "locked_url": "https://github.com/flox/nixpkgs?rev=0182a361324364ae3f436a63005877674cf45efb",
      "name": "apache-tomcat-9.0.115",
      "pname": "tomcat9",
      "rev": "0182a361324364ae3f436a63005877674cf45efb",
      "rev_count": 948083,
      "rev_date": "2026-02-17T23:04:30Z",
      "scrape_date": "2026-02-19T04:42:05.838298Z",
      "stabilities": [
        "staging",
        "unstable"
      ],
      "unfree": false,
      "version": "9.0.115",
      "outputs_to_install": [
        "out"
      ],
      "outputs": {
        "out": "/nix/store/0zy8g1mhmdz2xs6df52zqkcidkmfj2r7-apache-tomcat-9.0.115",
        "webapps": "/nix/store/dsshmxrzwdacc91zq5vn5ywzvvpmhjid-apache-tomcat-9.0.115-webapps"
      },
      "system": "aarch64-darwin",
      "group": "toplevel",
      "priority": 5
    },
    {
      "attr_path": "tomcat9",
      "broken": false,
      "derivation": "/nix/store/f3xsp4bvq91nrnnyvh6xw99fbf8hpg1y-apache-tomcat-9.0.115.drv",
      "description": "Implementation of the Java Servlet and JavaServer Pages technologies",
      "install_id": "tomcat9",
      "license": "Apache-2.0",
      "locked_url": "https://github.com/flox/nixpkgs?rev=0182a361324364ae3f436a63005877674cf45efb",
      "name": "apache-tomcat-9.0.115",
      "pname": "tomcat9",
      "rev": "0182a361324364ae3f436a63005877674cf45efb",
      "rev_count": 948083,
      "rev_date": "2026-02-17T23:04:30Z",
      "scrape_date": "2026-02-19T05:15:53.787727Z",
      "stabilities": [
        "staging",
        "unstable"
      ],
      "unfree": false,
      "version": "9.0.115",
      "outputs_to_install": [
        "out"
      ],
      "outputs": {
        "out": "/nix/store/jkky9s4af2870j18b2kbdfcipgh0n8xb-apache-tomcat-9.0.115",
        "webapps": "/nix/store/d0k92g3wrl0786y2q1pyrwpijvm4ll2n-apache-tomcat-9.0.115-webapps"
      },
      "system": "aarch64-linux",
      "group": "toplevel",
      "priority": 5
    },
    {
      "attr_path": "tomcat9",
      "broken": false,
      "derivation": "/nix/store/h0wmjba36pys1mscadgm4i55rnvvy4y6-apache-tomcat-9.0.115.drv",
      "description": "Implementation of the Java Servlet and JavaServer Pages technologies",
      "install_id": "tomcat9",
      "license": "Apache-2.0",
      "locked_url": "https://github.com/flox/nixpkgs?rev=0182a361324364ae3f436a63005877674cf45efb",
      "name": "apache-tomcat-9.0.115",
      "pname": "tomcat9",
      "rev": "0182a361324364ae3f436a63005877674cf45efb",
      "rev_count": 948083,
      "rev_date": "2026-02-17T23:04:30Z",
      "scrape_date": "2026-02-19T05:47:51.115114Z",
      "stabilities": [
        "staging",
        "unstable"
      ],
      "unfree": false,
      "version": "9.0.115",
      "outputs_to_install": [
        "out"
      ],
      "outputs": {
        "out": "/nix/store/yjbqnpzn69nyyqvr7x6p0qns72d72m5a-apache-tomcat-9.0.115",
        "webapps": "/nix/store/v788ay1lgmihxpahyhfldbyw4plmd5fk-apache-tomcat-9.0.115-webapps"
      },
      "system": "x86_64-darwin",
      "group": "toplevel",
      "priority": 5
    },
    {
      "attr_path": "tomcat9",
      "broken": false,
      "derivation": "/nix/store/gw041ix5gpybc7dg8dnpxiasadw2sd4d-apache-tomcat-9.0.115.drv",
      "description": "Implementation of the Java Servlet and JavaServer Pages technologies",
      "install_id": "tomcat9",
      "license": "Apache-2.0",
      "locked_url": "https://github.com/flox/nixpkgs?rev=0182a361324364ae3f436a63005877674cf45efb",
      "name": "apache-tomcat-9.0.115",
      "pname": "tomcat9",
      "rev": "0182a361324364ae3f436a63005877674cf45efb",
      "rev_count": 948083,
      "rev_date": "2026-02-17T23:04:30Z",
      "scrape_date": "2026-02-19T06:26:36.982262Z",
      "stabilities": [
        "staging",
        "unstable"
      ],
      "unfree": false,
      "version": "9.0.115",
      "outputs_to_install": [
        "out"
      ],
      "outputs": {
        "out": "/nix/store/y73bdr0wlmw414m00dq2j48vf2c0ghza-apache-tomcat-9.0.115",
        "webapps": "/nix/store/ycc2hharw6nf0f1hvfzcgqizhygv4j04-apache-tomcat-9.0.115-webapps"
      },
      "system": "x86_64-linux",
      "group": "toplevel",
      "priority": 5
    }
  ]
}
