{
  "lockfile-version": 1,
  "manifest": {
    "version": 1,
    "install": {
      "gnumake": {
        "pkg-path": "gnumake"
      },
      "gnused": {
        "pkg-path": "gnused"
      },
      "jdk25": {
        "pkg-path": "jdk25",
        "priority": 1
      },
      "tomcat11": {
        "pkg-path": "tomcat11"
      }
    },
    "hook": {
      "on-activate": ""
    },
    "profile": {
      "common": "echo \"\"\necho \"  ┌──────────────────────────────────────────────────────┐\"\necho \"  │  Flox Tomcat BUILD Environment                       │\"\necho \"  │                                                      │\"\necho \"  │  flox build        — build tomcat-demo package       │\"\necho \"  │  flox publish      — publish to FloxHub catalog      │\"\necho \"  │                                                      │\"\necho \"  │  To run the demo:  cd runtime && flox activate       │\"\necho \"  └──────────────────────────────────────────────────────┘\"\necho \"\"\n"
    },
    "options": {},
    "build": {
      "tomcat-demo": {
        "command": "make install PREFIX=$out",
        "sandbox": "pure",
        "version": "2.0.0",
        "description": "Tomcat demo webapp with runtime launcher"
      }
    }
  },
  "packages": [
    {
      "attr_path": "gnumake",
      "broken": false,
      "derivation": "/nix/store/2x0iq3b0ldv411ld1i6a9ma8dh182h14-gnumake-4.4.1.drv",
      "description": "Tool to control the generation of non-source files from sources",
      "install_id": "gnumake",
      "license": "GPL-3.0-or-later",
      "locked_url": "https://github.com/flox/nixpkgs?rev=0182a361324364ae3f436a63005877674cf45efb",
      "name": "gnumake-4.4.1",
      "pname": "gnumake",
      "rev": "0182a361324364ae3f436a63005877674cf45efb",
      "rev_count": 948083,
      "rev_date": "2026-02-17T23:04:30Z",
      "scrape_date": "2026-02-19T04:39:53.260522Z",
      "stabilities": [
        "staging",
        "unstable"
      ],
      "unfree": false,
      "version": "4.4.1",
      "outputs_to_install": [
        "man",
        "man",
        "man",
        "man",
        "out",
        "out",
        "out",
        "out"
      ],
      "outputs": {
        "doc": "/nix/store/8cnmyqhnlxpl7k9z15cridfdd9kka64b-gnumake-4.4.1-doc",
        "info": "/nix/store/jar06k1k53zsig2iah8vaw1y9r0wxa55-gnumake-4.4.1-info",
        "man": "/nix/store/2cd4idcvj4fnn4ss1ffz9fqagfhvjpy1-gnumake-4.4.1-man",
        "out": "/nix/store/cz4rjcd28s9qqk2zcnn9d8pgs5l6qqy9-gnumake-4.4.1"
      },
      "system": "aarch64-darwin",
      "group": "toplevel",
      "priority": 5
    },
    {
      "attr_path": "gnumake",
      "broken": false,
      "derivation": "/nix/store/n3nk5kyi8ckasq265skqni13m34d2v20-gnumake-4.4.1.drv",
      "description": "Tool to control the generation of non-source files from sources",
      "install_id": "gnumake",
      "license": "GPL-3.0-or-later",
      "locked_url": "https://github.com/flox/nixpkgs?rev=0182a361324364ae3f436a63005877674cf45efb",
      "name": "gnumake-4.4.1",
      "pname": "gnumake",
      "rev": "0182a361324364ae3f436a63005877674cf45efb",
      "rev_count": 948083,
      "rev_date": "2026-02-17T23:04:30Z",
      "scrape_date": "2026-02-19T05:12:55.991495Z",
      "stabilities": [
        "staging",
        "unstable"
      ],
      "unfree": false,
      "version": "4.4.1",
      "outputs_to_install": [
        "man",
        "man",
        "out",
        "out"
      ],
      "outputs": {
        "debug": "/nix/store/4wnafz38wr2jld58vr5j41b6mc4n26r6-gnumake-4.4.1-debug",
        "doc": "/nix/store/15r3aanv0lh7mqi1gm3l8blpcnp05qzy-gnumake-4.4.1-doc",
        "info": "/nix/store/gjd78rqz1k94n1c2s2kip126f8gjbb6g-gnumake-4.4.1-info",
        "man": "/nix/store/i0rnnv9fm87c0228z34pgvk24ifqn6bm-gnumake-4.4.1-man",
        "out": "/nix/store/z9wllcd2plhx8863ka0zfh0mffxm6jir-gnumake-4.4.1"
      },
      "system": "aarch64-linux",
      "group": "toplevel",
      "priority": 5
    },
    {
      "attr_path": "gnumake",
      "broken": false,
      "derivation": "/nix/store/dhwc8f7yshq6m26lfn8sdsw9crnzfzkk-gnumake-4.4.1.drv",
      "description": "Tool to control the generation of non-source files from sources",
      "install_id": "gnumake",
      "license": "GPL-3.0-or-later",
      "locked_url": "https://github.com/flox/nixpkgs?rev=0182a361324364ae3f436a63005877674cf45efb",
      "name": "gnumake-4.4.1",
      "pname": "gnumake",
      "rev": "0182a361324364ae3f436a63005877674cf45efb",
      "rev_count": 948083,
      "rev_date": "2026-02-17T23:04:30Z",
      "scrape_date": "2026-02-19T05:45:38.315617Z",
      "stabilities": [
        "staging",
        "unstable"
      ],
      "unfree": false,
      "version": "4.4.1",
      "outputs_to_install": [
        "man",
        "out"
      ],
      "outputs": {
        "doc": "/nix/store/2kpsfrqzyr0kzckkdjbqnsdcz2d719lk-gnumake-4.4.1-doc",
        "info": "/nix/store/jlb9r2mzq8660lhn9my1pgri15jiqljq-gnumake-4.4.1-info",
        "man": "/nix/store/x7p2q0wx9828p9n8r3pisbijncsfphvr-gnumake-4.4.1-man",
        "out": "/nix/store/sqp22z2pm7s7n0wb3al4c3h47shw5aic-gnumake-4.4.1"
      },
      "system": "x86_64-darwin",
      "group": "toplevel",
      "priority": 5
    },
    {
      "attr_path": "gnumake",
      "broken": false,
      "derivation": "/nix/store/cy06y5fkvbiif016ab9icsj7vqyyiky1-gnumake-4.4.1.drv",
      "description": "Tool to control the generation of non-source files from sources",
      "install_id": "gnumake",
      "license": "GPL-3.0-or-later",
      "locked_url": "https://github.com/flox/nixpkgs?rev=0182a361324364ae3f436a63005877674cf45efb",
      "name": "gnumake-4.4.1",
      "pname": "gnumake",
      "rev": "0182a361324364ae3f436a63005877674cf45efb",
      "rev_count": 948083,
      "rev_date": "2026-02-17T23:04:30Z",
      "scrape_date": "2026-02-19T06:23:25.239208Z",
      "stabilities": [
        "staging",
        "unstable"
      ],
      "unfree": false,
      "version": "4.4.1",
      "outputs_to_install": [
        "man",
        "out"
      ],
      "outputs": {
        "debug": "/nix/store/fa0f3msdrc5il96nn5qvrbhf6779vvh1-gnumake-4.4.1-debug",
        "doc": "/nix/store/j2vz6gm38023yfg359cnawzvabqc0w9v-gnumake-4.4.1-doc",
        "info": "/nix/store/2pqq9mdchp0s0cgl1qqql38v502kbdi1-gnumake-4.4.1-info",
        "man": "/nix/store/an38a5jy0ivp1504yjbzgl4prvhjnix7-gnumake-4.4.1-man",
        "out": "/nix/store/5lyy21zm97pj8l67r2xapdkxpxb6v6y0-gnumake-4.4.1"
      },
      "system": "x86_64-linux",
      "group": "toplevel",
      "priority": 5
    },
    {
      "attr_path": "gnused",
      "broken": false,
      "derivation": "/nix/store/vw4n1g5kkihx1dx8ghj27y01zpx11a64-gnused-4.9.drv",
      "description": "GNU sed, a batch stream editor",
      "install_id": "gnused",
      "license": "GPL-3.0-or-later",
      "locked_url": "https://github.com/flox/nixpkgs?rev=0182a361324364ae3f436a63005877674cf45efb",
      "name": "gnused-4.9",
      "pname": "gnused",
      "rev": "0182a361324364ae3f436a63005877674cf45efb",
      "rev_count": 948083,
      "rev_date": "2026-02-17T23:04:30Z",
      "scrape_date": "2026-02-19T04:39:53.266803Z",
      "stabilities": [
        "staging",
        "unstable"
      ],
      "unfree": false,
      "version": "4.9",
      "outputs_to_install": [
        "out",
        "out",
        "out",
        "out",
        "out",
        "out",
        "out"
      ],
      "outputs": {
        "info": "/nix/store/2q7ry9sap952dh21xda36g2gx44m9jvl-gnused-4.9-info",
        "out": "/nix/store/bdhywjmavg1hw3515cxsh8vxx8p42ixw-gnused-4.9"
      },
      "system": "aarch64-darwin",
      "group": "toplevel",
      "priority": 5
    },
    {
      "attr_path": "gnused",
      "broken": false,
      "derivation": "/nix/store/776si0hqchydj3qs6wxlbqg375lcrxrg-gnused-4.9.drv",
      "description": "GNU sed, a batch stream editor",
      "install_id": "gnused",
      "license": "GPL-3.0-or-later",
      "locked_url": "https://github.com/flox/nixpkgs?rev=0182a361324364ae3f436a63005877674cf45efb",
      "name": "gnused-4.9",
      "pname": "gnused",
      "rev": "0182a361324364ae3f436a63005877674cf45efb",
      "rev_count": 948083,
      "rev_date": "2026-02-17T23:04:30Z",
      "scrape_date": "2026-02-19T05:12:56.001095Z",
      "stabilities": [
        "staging",
        "unstable"
      ],
      "unfree": false,
      "version": "4.9",
      "outputs_to_install": [
        "out",
        "out",
        "out",
        "out"
      ],
      "outputs": {
        "info": "/nix/store/srvxijm4zzcqp6krhxk8qhfcr52mh39a-gnused-4.9-info",
        "out": "/nix/store/wl7cvwbv3p0ag201jry906ydpij3a9ij-gnused-4.9"
      },
      "system": "aarch64-linux",
      "group": "toplevel",
      "priority": 5
    },
    {
      "attr_path": "gnused",
      "broken": false,
      "derivation": "/nix/store/z498qcl6515g8sy4gan0w1khhccpvqvs-gnused-4.9.drv",
      "description": "GNU sed, a batch stream editor",
      "install_id": "gnused",
      "license": "GPL-3.0-or-later",
      "locked_url": "https://github.com/flox/nixpkgs?rev=0182a361324364ae3f436a63005877674cf45efb",
      "name": "gnused-4.9",
      "pname": "gnused",
      "rev": "0182a361324364ae3f436a63005877674cf45efb",
      "rev_count": 948083,
      "rev_date": "2026-02-17T23:04:30Z",
      "scrape_date": "2026-02-19T05:45:38.322352Z",
      "stabilities": [
        "staging",
        "unstable"
      ],
      "unfree": false,
      "version": "4.9",
      "outputs_to_install": [
        "out",
        "out"
      ],
      "outputs": {
        "info": "/nix/store/12wwcnqr14xnbjs9mf6l5igpqc167y61-gnused-4.9-info",
        "out": "/nix/store/b882ldrvxjjkc130pqy53948y09hci8m-gnused-4.9"
      },
      "system": "x86_64-darwin",
      "group": "toplevel",
      "priority": 5
    },
    {
      "attr_path": "gnused",
      "broken": false,
      "derivation": "/nix/store/l9v6k09j2rgf7v93qz1b2j7r49cif497-gnused-4.9.drv",
      "description": "GNU sed, a batch stream editor",
      "install_id": "gnused",
      "license": "GPL-3.0-or-later",
      "locked_url": "https://github.com/flox/nixpkgs?rev=0182a361324364ae3f436a63005877674cf45efb",
      "name": "gnused-4.9",
      "pname": "gnused",
      "rev": "0182a361324364ae3f436a63005877674cf45efb",
      "rev_count": 948083,
      "rev_date": "2026-02-17T23:04:30Z",
      "scrape_date": "2026-02-19T06:23:25.249481Z",
      "stabilities": [
        "staging",
        "unstable"
      ],
      "unfree": false,
      "version": "4.9",
      "outputs_to_install": [
        "out",
        "out",
        "out",
        "out",
        "out"
      ],
      "outputs": {
        "info": "/nix/store/rr44gnjkn0j0h67blxaf7c69w6y5xv03-gnused-4.9-info",
        "out": "/nix/store/ryz8kcrm2bxpccllfqlb7qldsfnqp5c2-gnused-4.9"
      },
      "system": "x86_64-linux",
      "group": "toplevel",
      "priority": 5
    },
    {
      "attr_path": "jdk25",
      "broken": false,
      "derivation": "/nix/store/5zalkc22kkrfc1wgm9bw4ja0pkr9z2wb-zulu-ca-jdk-25.0.0.drv",
      "description": "Certified builds of OpenJDK",
      "install_id": "jdk25",
      "license": "GPL-2.0-only",
      "locked_url": "https://github.com/flox/nixpkgs?rev=0182a361324364ae3f436a63005877674cf45efb",
      "name": "zulu-ca-jdk-25.0.0",
      "pname": "jdk25",
      "rev": "0182a361324364ae3f436a63005877674cf45efb",
      "rev_count": 948083,
      "rev_date": "2026-02-17T23:04:30Z",
      "scrape_date": "2026-02-19T04:40:08.044872Z",
      "stabilities": [
        "staging",
        "unstable"
      ],
      "unfree": false,
      "version": "25.0.0",
      "outputs_to_install": [
        "out"
      ],
      "outputs": {
        "out": "/nix/store/w8vjnidarq2kghliij99mbl6zzc2zxra-zulu-ca-jdk-25.0.0"
      },
      "system": "aarch64-darwin",
      "group": "toplevel",
      "priority": 1
    },
    {
      "attr_path": "jdk25",
      "broken": false,
      "derivation": "/nix/store/ac9rk5wmw2aj26insix3ps0q424whbcy-openjdk-25.0.2+10.drv",
      "description": "Open-source Java Development Kit",
      "install_id": "jdk25",
      "license": "GPL-2.0-only",
      "locked_url": "https://github.com/flox/nixpkgs?rev=0182a361324364ae3f436a63005877674cf45efb",
      "name": "openjdk-25.0.2+10",
      "pname": "jdk25",
      "rev": "0182a361324364ae3f436a63005877674cf45efb",
      "rev_count": 948083,
      "rev_date": "2026-02-17T23:04:30Z",
      "scrape_date": "2026-02-19T05:13:14.751801Z",
      "stabilities": [
        "staging",
        "unstable"
      ],
      "unfree": false,
      "version": "25.0.2+10",
      "outputs_to_install": [
        "out"
      ],
      "outputs": {
        "debug": "/nix/store/nyb29gjf0p1mvqywnp7p3d9n1k1x3wgc-openjdk-25.0.2+10-debug",
        "out": "/nix/store/fxj06im8nxzkkmbvf01l4lns4188d13z-openjdk-25.0.2+10"
      },
      "system": "aarch64-linux",
      "group": "toplevel",
      "priority": 1
    },
    {
      "attr_path": "jdk25",
      "broken": false,
      "derivation": "/nix/store/w5avnlig3h72qadgy6mcvpc4nhkayzpg-zulu-ca-jdk-25.0.0.drv",
      "description": "Certified builds of OpenJDK",
      "install_id": "jdk25",
      "license": "GPL-2.0-only",
      "locked_url": "https://github.com/flox/nixpkgs?rev=0182a361324364ae3f436a63005877674cf45efb",
      "name": "zulu-ca-jdk-25.0.0",
      "pname": "jdk25",
      "rev": "0182a361324364ae3f436a63005877674cf45efb",
      "rev_count": 948083,
      "rev_date": "2026-02-17T23:04:30Z",
      "scrape_date": "2026-02-19T05:45:53.445954Z",
      "stabilities": [
        "staging",
        "unstable"
      ],
      "unfree": false,
      "version": "25.0.0",
      "outputs_to_install": [
        "out"
      ],
      "outputs": {
        "out": "/nix/store/4fjij570am5h2wav4865rgj1zd2p7m1d-zulu-ca-jdk-25.0.0"
      },
      "system": "x86_64-darwin",
      "group": "toplevel",
      "priority": 1
    },
    {
      "attr_path": "jdk25",
      "broken": false,
      "derivation": "/nix/store/bpj61dd4pqpf0qx1igiifjix3l4pvgc7-openjdk-25.0.2+10.drv",
      "description": "Open-source Java Development Kit",
      "install_id": "jdk25",
      "license": "GPL-2.0-only",
      "locked_url": "https://github.com/flox/nixpkgs?rev=0182a361324364ae3f436a63005877674cf45efb",
      "name": "openjdk-25.0.2+10",
      "pname": "jdk25",
      "rev": "0182a361324364ae3f436a63005877674cf45efb",
      "rev_count": 948083,
      "rev_date": "2026-02-17T23:04:30Z",
      "scrape_date": "2026-02-19T06:23:44.881938Z",
      "stabilities": [
        "staging",
        "unstable"
      ],
      "unfree": false,
      "version": "25.0.2+10",
      "outputs_to_install": [
        "out"
      ],
      "outputs": {
        "debug": "/nix/store/hdgwayvw7nd6slq6hdf8hfkpvbn62d3a-openjdk-25.0.2+10-debug",
        "out": "/nix/store/vlk9ah96wjppmc82qnd3wjlca498ml81-openjdk-25.0.2+10"
      },
      "system": "x86_64-linux",
      "group": "toplevel",
      "priority": 1
    },
    {
      "attr_path": "tomcat11",
      "broken": false,
      "derivation": "/nix/store/69cgp3bplnhs5kwp2wki1ksrfk2z7vv5-apache-tomcat-11.0.18.drv",
      "description": "Implementation of the Java Servlet and JavaServer Pages technologies",
      "install_id": "tomcat11",
      "license": "Apache-2.0",
      "locked_url": "https://github.com/flox/nixpkgs?rev=0182a361324364ae3f436a63005877674cf45efb",
      "name": "apache-tomcat-11.0.18",
      "pname": "tomcat11",
      "rev": "0182a361324364ae3f436a63005877674cf45efb",
      "rev_count": 948083,
      "rev_date": "2026-02-17T23:04:30Z",
      "scrape_date": "2026-02-19T04:42:05.834647Z",
      "stabilities": [
        "staging",
        "unstable"
      ],
      "unfree": false,
      "version": "11.0.18",
      "outputs_to_install": [
        "out",
        "out",
        "out"
      ],
      "outputs": {
        "out": "/nix/store/iqncz8xzs933pa5n4pcc0nzy9c0y0gjs-apache-tomcat-11.0.18",
        "webapps": "/nix/store/3505fkjx91yzyipifdcf2wlzqs5v6ajq-apache-tomcat-11.0.18-webapps"
      },
      "system": "aarch64-darwin",
      "group": "toplevel",
      "priority": 5
    },
    {
      "attr_path": "tomcat11",
      "broken": false,
      "derivation": "/nix/store/6zwqnp2lwgpxcvmrzsxh44ckh0hgfvgr-apache-tomcat-11.0.18.drv",
      "description": "Implementation of the Java Servlet and JavaServer Pages technologies",
      "install_id": "tomcat11",
      "license": "Apache-2.0",
      "locked_url": "https://github.com/flox/nixpkgs?rev=0182a361324364ae3f436a63005877674cf45efb",
      "name": "apache-tomcat-11.0.18",
      "pname": "tomcat11",
      "rev": "0182a361324364ae3f436a63005877674cf45efb",
      "rev_count": 948083,
      "rev_date": "2026-02-17T23:04:30Z",
      "scrape_date": "2026-02-19T05:15:53.783897Z",
      "stabilities": [
        "staging",
        "unstable"
      ],
      "unfree": false,
      "version": "11.0.18",
      "outputs_to_install": [
        "out",
        "out"
      ],
      "outputs": {
        "out": "/nix/store/jk2fh3xbdacpqzcwhmp12b2q188zh19g-apache-tomcat-11.0.18",
        "webapps": "/nix/store/cyf2m890vvjvxg44c9pm7dl6rc2r84q5-apache-tomcat-11.0.18-webapps"
      },
      "system": "aarch64-linux",
      "group": "toplevel",
      "priority": 5
    },
    {
      "attr_path": "tomcat11",
      "broken": false,
      "derivation": "/nix/store/cixy42qmvwcpnnq48ba0mx6bv4503932-apache-tomcat-11.0.18.drv",
      "description": "Implementation of the Java Servlet and JavaServer Pages technologies",
      "install_id": "tomcat11",
      "license": "Apache-2.0",
      "locked_url": "https://github.com/flox/nixpkgs?rev=0182a361324364ae3f436a63005877674cf45efb",
      "name": "apache-tomcat-11.0.18",
      "pname": "tomcat11",
      "rev": "0182a361324364ae3f436a63005877674cf45efb",
      "rev_count": 948083,
      "rev_date": "2026-02-17T23:04:30Z",
      "scrape_date": "2026-02-19T05:47:51.111729Z",
      "stabilities": [
        "staging",
        "unstable"
      ],
      "unfree": false,
      "version": "11.0.18",
      "outputs_to_install": [
        "out"
      ],
      "outputs": {
        "out": "/nix/store/n3b6bjnpf4spi3zgy8vhdjl6dh63ba38-apache-tomcat-11.0.18",
        "webapps": "/nix/store/vi34ag01qznq7n2byiva0s47pcibywc5-apache-tomcat-11.0.18-webapps"
      },
      "system": "x86_64-darwin",
      "group": "toplevel",
      "priority": 5
    },
    {
      "attr_path": "tomcat11",
      "broken": false,
      "derivation": "/nix/store/cqa44s1n4s9gysz21cy3n0agqzvy62ba-apache-tomcat-11.0.18.drv",
      "description": "Implementation of the Java Servlet and JavaServer Pages technologies",
      "install_id": "tomcat11",
      "license": "Apache-2.0",
      "locked_url": "https://github.com/flox/nixpkgs?rev=0182a361324364ae3f436a63005877674cf45efb",
      "name": "apache-tomcat-11.0.18",
      "pname": "tomcat11",
      "rev": "0182a361324364ae3f436a63005877674cf45efb",
      "rev_count": 948083,
      "rev_date": "2026-02-17T23:04:30Z",
      "scrape_date": "2026-02-19T06:26:36.978105Z",
      "stabilities": [
        "staging",
        "unstable"
      ],
      "unfree": false,
      "version": "11.0.18",
      "outputs_to_install": [
        "out"
      ],
      "outputs": {
        "out": "/nix/store/zymssvhl46jgyncfvgkxsrq0xljabng0-apache-tomcat-11.0.18",
        "webapps": "/nix/store/gqf997dhz6jgg6azn8wc66px3ps5qvvv-apache-tomcat-11.0.18-webapps"
      },
      "system": "x86_64-linux",
      "group": "toplevel",
      "priority": 5
    }
  ]
}
