{
  "lockfile-version": 1,
  "manifest": {
    "version": 1,
    "install": {
      "gnumake": {
        "pkg-path": "gnumake"
      },
      "gnused": {
        "pkg-path": "gnused"
      },
      "jdk21": {
        "pkg-path": "jdk21",
        "priority": 1
      },
      "tomcat9": {
        "pkg-path": "tomcat9"
      }
    },
    "hook": {
      "on-activate": ""
    },
    "profile": {
      "common": "echo \"\"\necho \"  ┌──────────────────────────────────────────────────────┐\"\necho \"  │  Flox Tomcat Demo Environment                        │\"\necho \"  │                                                      │\"\necho \"  │  tomcat-demo start / stop / status                   │\"\necho \"  │  tomcat-demo-run --auto                              │\"\necho \"  │                                                      │\"\necho \"  │  Browse:  http://localhost:8080/sample/               │\"\necho \"  └──────────────────────────────────────────────────────┘\"\necho \"\"\n"
    },
    "options": {},
    "build": {
      "tomcat-demo": {
        "command": "make install PREFIX=$out",
        "sandbox": "pure",
        "version": "1.0.0",
        "description": "Tomcat demo webapp with runtime launcher"
      }
    }
  },
  "packages": [
    {
      "attr_path": "gnumake",
      "broken": false,
      "derivation": "/nix/store/2x0iq3b0ldv411ld1i6a9ma8dh182h14-gnumake-4.4.1.drv",
      "description": "Tool to control the generation of non-source files from sources",
      "install_id": "gnumake",
      "license": "GPL-3.0-or-later",
      "locked_url": "https://github.com/flox/nixpkgs?rev=0182a361324364ae3f436a63005877674cf45efb",
      "name": "gnumake-4.4.1",
      "pname": "gnumake",
      "rev": "0182a361324364ae3f436a63005877674cf45efb",
      "rev_count": 948083,
      "rev_date": "2026-02-17T23:04:30Z",
      "scrape_date": "2026-02-19T04:39:53.260522Z",
      "stabilities": [
        "staging",
        "unstable"
      ],
      "unfree": false,
      "version": "4.4.1",
      "outputs_to_install": [
        "man",
        "out"
      ],
      "outputs": {
        "doc": "/nix/store/8cnmyqhnlxpl7k9z15cridfdd9kka64b-gnumake-4.4.1-doc",
        "info": "/nix/store/jar06k1k53zsig2iah8vaw1y9r0wxa55-gnumake-4.4.1-info",
        "man": "/nix/store/2cd4idcvj4fnn4ss1ffz9fqagfhvjpy1-gnumake-4.4.1-man",
        "out": "/nix/store/cz4rjcd28s9qqk2zcnn9d8pgs5l6qqy9-gnumake-4.4.1"
      },
      "system": "aarch64-darwin",
      "group": "toplevel",
      "priority": 5
    },
    {
      "attr_path": "gnumake",
      "broken": false,
      "derivation": "/nix/store/n3nk5kyi8ckasq265skqni13m34d2v20-gnumake-4.4.1.drv",
      "description": "Tool to control the generation of non-source files from sources",
      "install_id": "gnumake",
      "license": "GPL-3.0-or-later",
      "locked_url": "https://github.com/flox/nixpkgs?rev=0182a361324364ae3f436a63005877674cf45efb",
      "name": "gnumake-4.4.1",
      "pname": "gnumake",
      "rev": "0182a361324364ae3f436a63005877674cf45efb",
      "rev_count": 948083,
      "rev_date": "2026-02-17T23:04:30Z",
      "scrape_date": "2026-02-19T05:12:55.991495Z",
      "stabilities": [
        "staging",
        "unstable"
      ],
      "unfree": false,
      "version": "4.4.1",
      "outputs_to_install": [
        "man",
        "out"
      ],
      "outputs": {
        "debug": "/nix/store/4wnafz38wr2jld58vr5j41b6mc4n26r6-gnumake-4.4.1-debug",
        "doc": "/nix/store/15r3aanv0lh7mqi1gm3l8blpcnp05qzy-gnumake-4.4.1-doc",
        "info": "/nix/store/gjd78rqz1k94n1c2s2kip126f8gjbb6g-gnumake-4.4.1-info",
        "man": "/nix/store/i0rnnv9fm87c0228z34pgvk24ifqn6bm-gnumake-4.4.1-man",
        "out": "/nix/store/z9wllcd2plhx8863ka0zfh0mffxm6jir-gnumake-4.4.1"
      },
      "system": "aarch64-linux",
      "group": "toplevel",
      "priority": 5
    },
    {
      "attr_path": "gnumake",
      "broken": false,
      "derivation": "/nix/store/dhwc8f7yshq6m26lfn8sdsw9crnzfzkk-gnumake-4.4.1.drv",
      "description": "Tool to control the generation of non-source files from sources",
      "install_id": "gnumake",
      "license": "GPL-3.0-or-later",
      "locked_url": "https://github.com/flox/nixpkgs?rev=0182a361324364ae3f436a63005877674cf45efb",
      "name": "gnumake-4.4.1",
      "pname": "gnumake",
      "rev": "0182a361324364ae3f436a63005877674cf45efb",
      "rev_count": 948083,
      "rev_date": "2026-02-17T23:04:30Z",
      "scrape_date": "2026-02-19T05:45:38.315617Z",
      "stabilities": [
        "staging",
        "unstable"
      ],
      "unfree": false,
      "version": "4.4.1",
      "outputs_to_install": [
        "man",
        "out"
      ],
      "outputs": {
        "doc": "/nix/store/2kpsfrqzyr0kzckkdjbqnsdcz2d719lk-gnumake-4.4.1-doc",
        "info": "/nix/store/jlb9r2mzq8660lhn9my1pgri15jiqljq-gnumake-4.4.1-info",
        "man": "/nix/store/x7p2q0wx9828p9n8r3pisbijncsfphvr-gnumake-4.4.1-man",
        "out": "/nix/store/sqp22z2pm7s7n0wb3al4c3h47shw5aic-gnumake-4.4.1"
      },
      "system": "x86_64-darwin",
      "group": "toplevel",
      "priority": 5
    },
    {
      "attr_path": "gnumake",
      "broken": false,
      "derivation": "/nix/store/cy06y5fkvbiif016ab9icsj7vqyyiky1-gnumake-4.4.1.drv",
      "description": "Tool to control the generation of non-source files from sources",
      "install_id": "gnumake",
      "license": "GPL-3.0-or-later",
      "locked_url": "https://github.com/flox/nixpkgs?rev=0182a361324364ae3f436a63005877674cf45efb",
      "name": "gnumake-4.4.1",
      "pname": "gnumake",
      "rev": "0182a361324364ae3f436a63005877674cf45efb",
      "rev_count": 948083,
      "rev_date": "2026-02-17T23:04:30Z",
      "scrape_date": "2026-02-19T06:23:25.239208Z",
      "stabilities": [
        "staging",
        "unstable"
      ],
      "unfree": false,
      "version": "4.4.1",
      "outputs_to_install": [
        "man",
        "out"
      ],
      "outputs": {
        "debug": "/nix/store/fa0f3msdrc5il96nn5qvrbhf6779vvh1-gnumake-4.4.1-debug",
        "doc": "/nix/store/j2vz6gm38023yfg359cnawzvabqc0w9v-gnumake-4.4.1-doc",
        "info": "/nix/store/2pqq9mdchp0s0cgl1qqql38v502kbdi1-gnumake-4.4.1-info",
        "man": "/nix/store/an38a5jy0ivp1504yjbzgl4prvhjnix7-gnumake-4.4.1-man",
        "out": "/nix/store/5lyy21zm97pj8l67r2xapdkxpxb6v6y0-gnumake-4.4.1"
      },
      "system": "x86_64-linux",
      "group": "toplevel",
      "priority": 5
    },
    {
      "attr_path": "gnused",
      "broken": false,
      "derivation": "/nix/store/vw4n1g5kkihx1dx8ghj27y01zpx11a64-gnused-4.9.drv",
      "description": "GNU sed, a batch stream editor",
      "install_id": "gnused",
      "license": "GPL-3.0-or-later",
      "locked_url": "https://github.com/flox/nixpkgs?rev=0182a361324364ae3f436a63005877674cf45efb",
      "name": "gnused-4.9",
      "pname": "gnused",
      "rev": "0182a361324364ae3f436a63005877674cf45efb",
      "rev_count": 948083,
      "rev_date": "2026-02-17T23:04:30Z",
      "scrape_date": "2026-02-19T04:39:53.266803Z",
      "stabilities": [
        "staging",
        "unstable"
      ],
      "unfree": false,
      "version": "4.9",
      "outputs_to_install": [
        "out",
        "out",
        "out",
        "out",
        "out",
        "out"
      ],
      "outputs": {
        "info": "/nix/store/2q7ry9sap952dh21xda36g2gx44m9jvl-gnused-4.9-info",
        "out": "/nix/store/bdhywjmavg1hw3515cxsh8vxx8p42ixw-gnused-4.9"
      },
      "system": "aarch64-darwin",
      "group": "toplevel",
      "priority": 5
    },
    {
      "attr_path": "gnused",
      "broken": false,
      "derivation": "/nix/store/776si0hqchydj3qs6wxlbqg375lcrxrg-gnused-4.9.drv",
      "description": "GNU sed, a batch stream editor",
      "install_id": "gnused",
      "license": "GPL-3.0-or-later",
      "locked_url": "https://github.com/flox/nixpkgs?rev=0182a361324364ae3f436a63005877674cf45efb",
      "name": "gnused-4.9",
      "pname": "gnused",
      "rev": "0182a361324364ae3f436a63005877674cf45efb",
      "rev_count": 948083,
      "rev_date": "2026-02-17T23:04:30Z",
      "scrape_date": "2026-02-19T05:12:56.001095Z",
      "stabilities": [
        "staging",
        "unstable"
      ],
      "unfree": false,
      "version": "4.9",
      "outputs_to_install": [
        "out",
        "out",
        "out",
        "out"
      ],
      "outputs": {
        "info": "/nix/store/srvxijm4zzcqp6krhxk8qhfcr52mh39a-gnused-4.9-info",
        "out": "/nix/store/wl7cvwbv3p0ag201jry906ydpij3a9ij-gnused-4.9"
      },
      "system": "aarch64-linux",
      "group": "toplevel",
      "priority": 5
    },
    {
      "attr_path": "gnused",
      "broken": false,
      "derivation": "/nix/store/z498qcl6515g8sy4gan0w1khhccpvqvs-gnused-4.9.drv",
      "description": "GNU sed, a batch stream editor",
      "install_id": "gnused",
      "license": "GPL-3.0-or-later",
      "locked_url": "https://github.com/flox/nixpkgs?rev=0182a361324364ae3f436a63005877674cf45efb",
      "name": "gnused-4.9",
      "pname": "gnused",
      "rev": "0182a361324364ae3f436a63005877674cf45efb",
      "rev_count": 948083,
      "rev_date": "2026-02-17T23:04:30Z",
      "scrape_date": "2026-02-19T05:45:38.322352Z",
      "stabilities": [
        "staging",
        "unstable"
      ],
      "unfree": false,
      "version": "4.9",
      "outputs_to_install": [
        "out"
      ],
      "outputs": {
        "info": "/nix/store/12wwcnqr14xnbjs9mf6l5igpqc167y61-gnused-4.9-info",
        "out": "/nix/store/b882ldrvxjjkc130pqy53948y09hci8m-gnused-4.9"
      },
      "system": "x86_64-darwin",
      "group": "toplevel",
      "priority": 5
    },
    {
      "attr_path": "gnused",
      "broken": false,
      "derivation": "/nix/store/l9v6k09j2rgf7v93qz1b2j7r49cif497-gnused-4.9.drv",
      "description": "GNU sed, a batch stream editor",
      "install_id": "gnused",
      "license": "GPL-3.0-or-later",
      "locked_url": "https://github.com/flox/nixpkgs?rev=0182a361324364ae3f436a63005877674cf45efb",
      "name": "gnused-4.9",
      "pname": "gnused",
      "rev": "0182a361324364ae3f436a63005877674cf45efb",
      "rev_count": 948083,
      "rev_date": "2026-02-17T23:04:30Z",
      "scrape_date": "2026-02-19T06:23:25.249481Z",
      "stabilities": [
        "staging",
        "unstable"
      ],
      "unfree": false,
      "version": "4.9",
      "outputs_to_install": [
        "out",
        "out",
        "out",
        "out",
        "out"
      ],
      "outputs": {
        "info": "/nix/store/rr44gnjkn0j0h67blxaf7c69w6y5xv03-gnused-4.9-info",
        "out": "/nix/store/ryz8kcrm2bxpccllfqlb7qldsfnqp5c2-gnused-4.9"
      },
      "system": "x86_64-linux",
      "group": "toplevel",
      "priority": 5
    },
    {
      "attr_path": "jdk21",
      "broken": false,
      "derivation": "/nix/store/apmkmfhvv4ydqk43gb416757v7ymbbvj-zulu-ca-jdk-21.0.8.drv",
      "description": "Certified builds of OpenJDK",
      "install_id": "jdk21",
      "license": "GPL-2.0-only",
      "locked_url": "https://github.com/flox/nixpkgs?rev=0182a361324364ae3f436a63005877674cf45efb",
      "name": "zulu-ca-jdk-21.0.8",
      "pname": "jdk21",
      "rev": "0182a361324364ae3f436a63005877674cf45efb",
      "rev_count": 948083,
      "rev_date": "2026-02-17T23:04:30Z",
      "scrape_date": "2026-02-19T04:40:08.042068Z",
      "stabilities": [
        "staging",
        "unstable"
      ],
      "unfree": false,
      "version": "21.0.8",
      "outputs_to_install": [
        "out"
      ],
      "outputs": {
        "out": "/nix/store/cnk79a166lrma21cdkh392b9q8irsh7r-zulu-ca-jdk-21.0.8"
      },
      "system": "aarch64-darwin",
      "group": "toplevel",
      "priority": 1
    },
    {
      "attr_path": "jdk21",
      "broken": false,
      "derivation": "/nix/store/ry0d7nhqqprbw3hcikgi4hwabgk0bbni-openjdk-21.0.9+10.drv",
      "description": "Open-source Java Development Kit",
      "install_id": "jdk21",
      "license": "GPL-2.0-only",
      "locked_url": "https://github.com/flox/nixpkgs?rev=0182a361324364ae3f436a63005877674cf45efb",
      "name": "openjdk-21.0.9+10",
      "pname": "jdk21",
      "rev": "0182a361324364ae3f436a63005877674cf45efb",
      "rev_count": 948083,
      "rev_date": "2026-02-17T23:04:30Z",
      "scrape_date": "2026-02-19T05:13:14.749189Z",
      "stabilities": [
        "staging",
        "unstable"
      ],
      "unfree": false,
      "version": "21.0.9+10",
      "outputs_to_install": [
        "out",
        "out"
      ],
      "outputs": {
        "debug": "/nix/store/96w6p1phqrxnq6sw4inisiks8fcbslwl-openjdk-21.0.9+10-debug",
        "out": "/nix/store/f9y0mx3w94ng6sdq231rkd3v0i2ihb8x-openjdk-21.0.9+10"
      },
      "system": "aarch64-linux",
      "group": "toplevel",
      "priority": 1
    },
    {
      "attr_path": "jdk21",
      "broken": false,
      "derivation": "/nix/store/cg853y7jw5v0dp7nwbv316wzjixarlrl-zulu-ca-jdk-21.0.8.drv",
      "description": "Certified builds of OpenJDK",
      "install_id": "jdk21",
      "license": "GPL-2.0-only",
      "locked_url": "https://github.com/flox/nixpkgs?rev=0182a361324364ae3f436a63005877674cf45efb",
      "name": "zulu-ca-jdk-21.0.8",
      "pname": "jdk21",
      "rev": "0182a361324364ae3f436a63005877674cf45efb",
      "rev_count": 948083,
      "rev_date": "2026-02-17T23:04:30Z",
      "scrape_date": "2026-02-19T05:45:53.443552Z",
      "stabilities": [
        "staging",
        "unstable"
      ],
      "unfree": false,
      "version": "21.0.8",
      "outputs_to_install": [
        "out"
      ],
      "outputs": {
        "out": "/nix/store/lc2gv2jh0pjy3xvrz4rcbssr1mas167y-zulu-ca-jdk-21.0.8"
      },
      "system": "x86_64-darwin",
      "group": "toplevel",
      "priority": 1
    },
    {
      "attr_path": "jdk21",
      "broken": false,
      "derivation": "/nix/store/ii3a9afh8k1j8nikv12269mvrr1i4j9b-openjdk-21.0.9+10.drv",
      "description": "Open-source Java Development Kit",
      "install_id": "jdk21",
      "license": "GPL-2.0-only",
      "locked_url": "https://github.com/flox/nixpkgs?rev=0182a361324364ae3f436a63005877674cf45efb",
      "name": "openjdk-21.0.9+10",
      "pname": "jdk21",
      "rev": "0182a361324364ae3f436a63005877674cf45efb",
      "rev_count": 948083,
      "rev_date": "2026-02-17T23:04:30Z",
      "scrape_date": "2026-02-19T06:23:44.879266Z",
      "stabilities": [
        "staging",
        "unstable"
      ],
      "unfree": false,
      "version": "21.0.9+10",
      "outputs_to_install": [
        "out",
        "out"
      ],
      "outputs": {
        "debug": "/nix/store/n262v22apasz3ng8gfhvccp43diynkn6-openjdk-21.0.9+10-debug",
        "out": "/nix/store/yb16bzvkdimkgczlw30pkhfxnzal26ks-openjdk-21.0.9+10"
      },
      "system": "x86_64-linux",
      "group": "toplevel",
      "priority": 1
    },
    {
      "attr_path": "tomcat9",
      "broken": false,
      "derivation": "/nix/store/ckp2hddscbn2rx2b6q447p86k4rwsgmi-apache-tomcat-9.0.115.drv",
      "description": "Implementation of the Java Servlet and JavaServer Pages technologies",
      "install_id": "tomcat9",
      "license": "Apache-2.0",
      "locked_url": "https://github.com/flox/nixpkgs?rev=0182a361324364ae3f436a63005877674cf45efb",
      "name": "apache-tomcat-9.0.115",
      "pname": "tomcat9",
      "rev": "0182a361324364ae3f436a63005877674cf45efb",
      "rev_count": 948083,
      "rev_date": "2026-02-17T23:04:30Z",
      "scrape_date": "2026-02-19T04:42:05.838298Z",
      "stabilities": [
        "staging",
        "unstable"
      ],
      "unfree": false,
      "version": "9.0.115",
      "outputs_to_install": [
        "out"
      ],
      "outputs": {
        "out": "/nix/store/0zy8g1mhmdz2xs6df52zqkcidkmfj2r7-apache-tomcat-9.0.115",
        "webapps": "/nix/store/dsshmxrzwdacc91zq5vn5ywzvvpmhjid-apache-tomcat-9.0.115-webapps"
      },
      "system": "aarch64-darwin",
      "group": "toplevel",
      "priority": 5
    },
    {
      "attr_path": "tomcat9",
      "broken": false,
      "derivation": "/nix/store/f3xsp4bvq91nrnnyvh6xw99fbf8hpg1y-apache-tomcat-9.0.115.drv",
      "description": "Implementation of the Java Servlet and JavaServer Pages technologies",
      "install_id": "tomcat9",
      "license": "Apache-2.0",
      "locked_url": "https://github.com/flox/nixpkgs?rev=0182a361324364ae3f436a63005877674cf45efb",
      "name": "apache-tomcat-9.0.115",
      "pname": "tomcat9",
      "rev": "0182a361324364ae3f436a63005877674cf45efb",
      "rev_count": 948083,
      "rev_date": "2026-02-17T23:04:30Z",
      "scrape_date": "2026-02-19T05:15:53.787727Z",
      "stabilities": [
        "staging",
        "unstable"
      ],
      "unfree": false,
      "version": "9.0.115",
      "outputs_to_install": [
        "out"
      ],
      "outputs": {
        "out": "/nix/store/jkky9s4af2870j18b2kbdfcipgh0n8xb-apache-tomcat-9.0.115",
        "webapps": "/nix/store/d0k92g3wrl0786y2q1pyrwpijvm4ll2n-apache-tomcat-9.0.115-webapps"
      },
      "system": "aarch64-linux",
      "group": "toplevel",
      "priority": 5
    },
    {
      "attr_path": "tomcat9",
      "broken": false,
      "derivation": "/nix/store/h0wmjba36pys1mscadgm4i55rnvvy4y6-apache-tomcat-9.0.115.drv",
      "description": "Implementation of the Java Servlet and JavaServer Pages technologies",
      "install_id": "tomcat9",
      "license": "Apache-2.0",
      "locked_url": "https://github.com/flox/nixpkgs?rev=0182a361324364ae3f436a63005877674cf45efb",
      "name": "apache-tomcat-9.0.115",
      "pname": "tomcat9",
      "rev": "0182a361324364ae3f436a63005877674cf45efb",
      "rev_count": 948083,
      "rev_date": "2026-02-17T23:04:30Z",
      "scrape_date": "2026-02-19T05:47:51.115114Z",
      "stabilities": [
        "staging",
        "unstable"
      ],
      "unfree": false,
      "version": "9.0.115",
      "outputs_to_install": [
        "out"
      ],
      "outputs": {
        "out": "/nix/store/yjbqnpzn69nyyqvr7x6p0qns72d72m5a-apache-tomcat-9.0.115",
        "webapps": "/nix/store/v788ay1lgmihxpahyhfldbyw4plmd5fk-apache-tomcat-9.0.115-webapps"
      },
      "system": "x86_64-darwin",
      "group": "toplevel",
      "priority": 5
    },
    {
      "attr_path": "tomcat9",
      "broken": false,
      "derivation": "/nix/store/gw041ix5gpybc7dg8dnpxiasadw2sd4d-apache-tomcat-9.0.115.drv",
      "description": "Implementation of the Java Servlet and JavaServer Pages technologies",
      "install_id": "tomcat9",
      "license": "Apache-2.0",
      "locked_url": "https://github.com/flox/nixpkgs?rev=0182a361324364ae3f436a63005877674cf45efb",
      "name": "apache-tomcat-9.0.115",
      "pname": "tomcat9",
      "rev": "0182a361324364ae3f436a63005877674cf45efb",
      "rev_count": 948083,
      "rev_date": "2026-02-17T23:04:30Z",
      "scrape_date": "2026-02-19T06:26:36.982262Z",
      "stabilities": [
        "staging",
        "unstable"
      ],
      "unfree": false,
      "version": "9.0.115",
      "outputs_to_install": [
        "out"
      ],
      "outputs": {
        "out": "/nix/store/y73bdr0wlmw414m00dq2j48vf2c0ghza-apache-tomcat-9.0.115",
        "webapps": "/nix/store/ycc2hharw6nf0f1hvfzcgqizhygv4j04-apache-tomcat-9.0.115-webapps"
      },
      "system": "x86_64-linux",
      "group": "toplevel",
      "priority": 5
    }
  ]
}
